
Microsoft Visual Studio Solution File, Format Version 12.00
# Visual Studio Version 17
VisualStudioVersion = 17.10.34928.147
MinimumVisualStudioVersion = 10.0.40219.1
Project("{FAE04EC0-301F-11D3-BF4B-00C04F79EFBC}") = "ConsoleApp1", "ConsoleApp1\ConsoleApp1.csproj", "{5A21861F-6B9B-40B7-8526-68FFF7F8D29A}"
EndProject
Global
	GlobalSection(SolutionConfigurationPlatforms) = preSolution
		Debug|Any CPU = Debug|Any CPU
		Release|Any CPU = Release|Any CPU
	EndGlobalSection
	GlobalSection(ProjectConfigurationPlatforms) = postSolution
		{5A21861F-6B9B-40B7-8526-68FFF7F8D29A}.Debug|Any CPU.ActiveCfg = Debug|Any CPU
		{5A21861F-6B9B-40B7-8526-68FFF7F8D29A}.Debug|Any CPU.Build.0 = Debug|Any CPU
		{5A21861F-6B9B-40B7-8526-68FFF7F8D29A}.Release|Any CPU.ActiveCfg = Release|Any CPU
		{5A21861F-6B9B-40B7-8526-68FFF7F8D29A}.Release|Any CPU.Build.0 = Release|Any CPU
	EndGlobalSection
	GlobalSection(SolutionProperties) = preSolution
		HideSolutionNode = FALSE
	EndGlobalSection
	GlobalSection(ExtensibilityGlobals) = postSolution
		SolutionGuid = {195BF763-4CC8-4F9C-8A28-D46A1E8B57BA}
	EndGlobalSection
EndGlobal
